
Microsoft Visual Studio Solution File, Format Version 12.00
# Visual Studio Version 17
VisualStudioVersion = 17.7.34031.279
MinimumVisualStudioVersion = 10.0.40219.1
Project("{FAE04EC0-301F-11D3-BF4B-00C04F79EFBC}") = "Massiv", "Massiv\Massiv.csproj", "{91384FD3-9E32-47AF-B94A-5525DB8AFF9B}"
EndProject
Global
	GlobalSection(SolutionConfigurationPlatforms) = preSolution
		Debug|Any CPU = Debug|Any CPU
		Release|Any CPU = Release|Any CPU
	EndGlobalSection
	GlobalSection(ProjectConfigurationPlatforms) = postSolution
		{91384FD3-9E32-47AF-B94A-5525DB8AFF9B}.Debug|Any CPU.ActiveCfg = Debug|Any CPU
		{91384FD3-9E32-47AF-B94A-5525DB8AFF9B}.Debug|Any CPU.Build.0 = Debug|Any CPU
		{91384FD3-9E32-47AF-B94A-5525DB8AFF9B}.Release|Any CPU.ActiveCfg = Release|Any CPU
		{91384FD3-9E32-47AF-B94A-5525DB8AFF9B}.Release|Any CPU.Build.0 = Release|Any CPU
	EndGlobalSection
	GlobalSection(SolutionProperties) = preSolution
		HideSolutionNode = FALSE
	EndGlobalSection
	GlobalSection(ExtensibilityGlobals) = postSolution
		SolutionGuid = {538CE9FE-0A93-4EB1-836B-A6AB9222F22E}
	EndGlobalSection
EndGlobal
